
Microsoft Visual Studio Solution File, Format Version 12.00
# Visual Studio Version 17
VisualStudioVersion = 17.2.32519.379
MinimumVisualStudioVersion = 10.0.40219.1
Project("{FAE04EC0-301F-11D3-BF4B-00C04F79EFBC}") = "EmpWageProblem", "EmpWageProblem\EmpWageProblem.csproj", "{AD7B3695-221E-49AF-8A0D-62868AF3FE67}"
EndProject
Global
	GlobalSection(SolutionConfigurationPlatforms) = preSolution
		Debug|Any CPU = Debug|Any CPU
		Release|Any CPU = Release|Any CPU
	EndGlobalSection
	GlobalSection(ProjectConfigurationPlatforms) = postSolution
		{AD7B3695-221E-49AF-8A0D-62868AF3FE67}.Debug|Any CPU.ActiveCfg = Debug|Any CPU
		{AD7B3695-221E-49AF-8A0D-62868AF3FE67}.Debug|Any CPU.Build.0 = Debug|Any CPU
		{AD7B3695-221E-49AF-8A0D-62868AF3FE67}.Release|Any CPU.ActiveCfg = Release|Any CPU
		{AD7B3695-221E-49AF-8A0D-62868AF3FE67}.Release|Any CPU.Build.0 = Release|Any CPU
	EndGlobalSection
	GlobalSection(SolutionProperties) = preSolution
		HideSolutionNode = FALSE
	EndGlobalSection
	GlobalSection(ExtensibilityGlobals) = postSolution
		SolutionGuid = {3FE9F4CB-2495-4233-BD21-595C35C08AC2}
	EndGlobalSection
EndGlobal
